
Microsoft Visual Studio Solution File, Format Version 12.00
# Visual Studio Version 17
VisualStudioVersion = 17.3.32929.385
MinimumVisualStudioVersion = 10.0.40219.1
Project("{8BC9CEB8-8B4A-11D0-8D11-00A0C91BC942}") = "Tutorial01-types", "Tutorial01-types\Tutorial01-types.vcxproj", "{A72470F6-5443-4C7B-976A-75A29037B767}"
EndProject
Project("{8BC9CEB8-8B4A-11D0-8D11-00A0C91BC942}") = "Tutorial02-Variables", "Tutorial02-Variables\Tutorial02-Variables.vcxproj", "{2B358992-FCB0-406B-9C55-D7C32B354A3A}"
EndProject
Project("{8BC9CEB8-8B4A-11D0-8D11-00A0C91BC942}") = "Tutorial03-MemberVars", "Tutorial03-MemberVars\Tutorial03-MemberVars.vcxproj", "{06618C7F-A956-4F7F-A126-795FC023C7BC}"
EndProject
Project("{8BC9CEB8-8B4A-11D0-8D11-00A0C91BC942}") = "Tutorial04-Serialization", "Example01-Serialization\Example01-Serialization.vcxproj", "{A4E77EBC-04F9-4380-AC71-5ED6CDEE5307}"
EndProject
Global
	GlobalSection(SolutionConfigurationPlatforms) = preSolution
		Debug|x64 = Debug|x64
		Debug|x86 = Debug|x86
		Release|x64 = Release|x64
		Release|x86 = Release|x86
	EndGlobalSection
	GlobalSection(ProjectConfigurationPlatforms) = postSolution
		{A72470F6-5443-4C7B-976A-75A29037B767}.Debug|x64.ActiveCfg = Debug|x64
		{A72470F6-5443-4C7B-976A-75A29037B767}.Debug|x64.Build.0 = Debug|x64
		{A72470F6-5443-4C7B-976A-75A29037B767}.Debug|x86.ActiveCfg = Debug|Win32
		{A72470F6-5443-4C7B-976A-75A29037B767}.Debug|x86.Build.0 = Debug|Win32
		{A72470F6-5443-4C7B-976A-75A29037B767}.Release|x64.ActiveCfg = Release|x64
		{A72470F6-5443-4C7B-976A-75A29037B767}.Release|x64.Build.0 = Release|x64
		{A72470F6-5443-4C7B-976A-75A29037B767}.Release|x86.ActiveCfg = Release|Win32
		{A72470F6-5443-4C7B-976A-75A29037B767}.Release|x86.Build.0 = Release|Win32
		{2B358992-FCB0-406B-9C55-D7C32B354A3A}.Debug|x64.ActiveCfg = Debug|x64
		{2B358992-FCB0-406B-9C55-D7C32B354A3A}.Debug|x64.Build.0 = Debug|x64
		{2B358992-FCB0-406B-9C55-D7C32B354A3A}.Debug|x86.ActiveCfg = Debug|Win32
		{2B358992-FCB0-406B-9C55-D7C32B354A3A}.Debug|x86.Build.0 = Debug|Win32
		{2B358992-FCB0-406B-9C55-D7C32B354A3A}.Release|x64.ActiveCfg = Release|x64
		{2B358992-FCB0-406B-9C55-D7C32B354A3A}.Release|x64.Build.0 = Release|x64
		{2B358992-FCB0-406B-9C55-D7C32B354A3A}.Release|x86.ActiveCfg = Release|Win32
		{2B358992-FCB0-406B-9C55-D7C32B354A3A}.Release|x86.Build.0 = Release|Win32
		{06618C7F-A956-4F7F-A126-795FC023C7BC}.Debug|x64.ActiveCfg = Debug|x64
		{06618C7F-A956-4F7F-A126-795FC023C7BC}.Debug|x64.Build.0 = Debug|x64
		{06618C7F-A956-4F7F-A126-795FC023C7BC}.Debug|x86.ActiveCfg = Debug|Win32
		{06618C7F-A956-4F7F-A126-795FC023C7BC}.Debug|x86.Build.0 = Debug|Win32
		{06618C7F-A956-4F7F-A126-795FC023C7BC}.Release|x64.ActiveCfg = Release|x64
		{06618C7F-A956-4F7F-A126-795FC023C7BC}.Release|x64.Build.0 = Release|x64
		{06618C7F-A956-4F7F-A126-795FC023C7BC}.Release|x86.ActiveCfg = Release|Win32
		{06618C7F-A956-4F7F-A126-795FC023C7BC}.Release|x86.Build.0 = Release|Win32
		{A4E77EBC-04F9-4380-AC71-5ED6CDEE5307}.Debug|x64.ActiveCfg = Debug|x64
		{A4E77EBC-04F9-4380-AC71-5ED6CDEE5307}.Debug|x64.Build.0 = Debug|x64
		{A4E77EBC-04F9-4380-AC71-5ED6CDEE5307}.Debug|x86.ActiveCfg = Debug|Win32
		{A4E77EBC-04F9-4380-AC71-5ED6CDEE5307}.Debug|x86.Build.0 = Debug|Win32
		{A4E77EBC-04F9-4380-AC71-5ED6CDEE5307}.Release|x64.ActiveCfg = Release|x64
		{A4E77EBC-04F9-4380-AC71-5ED6CDEE5307}.Release|x64.Build.0 = Release|x64
		{A4E77EBC-04F9-4380-AC71-5ED6CDEE5307}.Release|x86.ActiveCfg = Release|Win32
		{A4E77EBC-04F9-4380-AC71-5ED6CDEE5307}.Release|x86.Build.0 = Release|Win32
	EndGlobalSection
	GlobalSection(SolutionProperties) = preSolution
		HideSolutionNode = FALSE
	EndGlobalSection
	GlobalSection(ExtensibilityGlobals) = postSolution
		SolutionGuid = {6DF0C81A-3EB4-4BC1-A58B-5C8514D21B66}
	EndGlobalSection
EndGlobal
